// !$*UTF8*$!
{
	archiveVersion = 1;
	classes = {
	};
	objectVersion = 56;
	objects = {

/* Begin PBXBuildFile section */
		D6B401C32B6EB01F00845F38 /* EventSyncApp.swift in Sources */ = {isa = PBXBuildFile; fileRef = D6B401C22B6EB01F00845F38 /* EventSyncApp.swift */; };
		D6B401C52B6EB01F00845F38 /* ContentView.swift in Sources */ = {isa = PBXBuildFile; fileRef = D6B401C42B6EB01F00845F38 /* ContentView.swift */; };
		D6B401C72B6EB02200845F38 /* Assets.xcassets in Resources */ = {isa = PBXBuildFile; fileRef = D6B401C62B6EB02200845F38 /* Assets.xcassets */; };
		D6B401CA2B6EB02200845F38 /* Preview Assets.xcassets in Resources */ = {isa = PBXBuildFile; fileRef = D6B401C92B6EB02200845F38 /* Preview Assets.xcassets */; };
		D6B401D42B6EB02300845F38 /* EventSyncTests.swift in Sources */ = {isa = PBXBuildFile; fileRef = D6B401D32B6EB02300845F38 /* EventSyncTests.swift */; };
		D6B401DE2B6EB02300845F38 /* EventSyncUITests.swift in Sources */ = {isa = PBXBuildFile; fileRef = D6B401DD2B6EB02300845F38 /* EventSyncUITests.swift */; };
		D6B401E02B6EB02300845F38 /* EventSyncUITestsLaunchTests.swift in Sources */ = {isa = PBXBuildFile; fileRef = D6B401DF2B6EB02300845F38 /* EventSyncUITestsLaunchTests.swift */; };
/* End PBXBuildFile section */

/* Begin PBXContainerItemProxy section */
		D6B401D02B6EB02300845F38 /* PBXContainerItemProxy */ = {
			isa = PBXContainerItemProxy;
			containerPortal = D6B401B72B6EB01E00845F38 /* Project object */;
			proxyType = 1;
			remoteGlobalIDString = D6B401BE2B6EB01E00845F38;
			remoteInfo = EventSync;
		};
		D6B401DA2B6EB02300845F38 /* PBXContainerItemProxy */ = {
			isa = PBXContainerItemProxy;
			containerPortal = D6B401B72B6EB01E00845F38 /* Project object */;
			proxyType = 1;
			remoteGlobalIDString = D6B401BE2B6EB01E00845F38;
			remoteInfo = EventSync;
		};
/* End PBXContainerItemProxy section */

/* Begin PBXFileReference section */
		D6B401BF2B6EB01F00845F38 /* EventSync.app */ = {isa = PBXFileReference; explicitFileType = wrapper.application; includeInIndex = 0; path = EventSync.app; sourceTree = BUILT_PRODUCTS_DIR; };
		D6B401C22B6EB01F00845F38 /* EventSyncApp.swift */ = {isa = PBXFileReference; lastKnownFileType = sourcecode.swift; path = EventSyncApp.swift; sourceTree = "<group>"; };
		D6B401C42B6EB01F00845F38 /* ContentView.swift */ = {isa = PBXFileReference; lastKnownFileType = sourcecode.swift; path = ContentView.swift; sourceTree = "<group>"; };
		D6B401C62B6EB02200845F38 /* Assets.xcassets */ = {isa = PBXFileReference; lastKnownFileType = folder.assetcatalog; path = Assets.xcassets; sourceTree = "<group>"; };
		D6B401C92B6EB02200845F38 /* Preview Assets.xcassets */ = {isa = PBXFileReference; lastKnownFileType = folder.assetcatalog; path = "Preview Assets.xcassets"; sourceTree = "<group>"; };
		D6B401CF2B6EB02300845F38 /* EventSyncTests.xctest */ = {isa = PBXFileReference; explicitFileType = wrapper.cfbundle; includeInIndex = 0; path = EventSyncTests.xctest; sourceTree = BUILT_PRODUCTS_DIR; };
		D6B401D32B6EB02300845F38 /* EventSyncTests.swift */ = {isa = PBXFileReference; lastKnownFileType = sourcecode.swift; path = EventSyncTests.swift; sourceTree = "<group>"; };
		D6B401D92B6EB02300845F38 /* EventSyncUITests.xctest */ = {isa = PBXFileReference; explicitFileType = wrapper.cfbundle; includeInIndex = 0; path = EventSyncUITests.xctest; sourceTree = BUILT_PRODUCTS_DIR; };
		D6B401DD2B6EB02300845F38 /* EventSyncUITests.swift */ = {isa = PBXFileReference; lastKnownFileType = sourcecode.swift; path = EventSyncUITests.swift; sourceTree = "<group>"; };
		D6B401DF2B6EB02300845F38 /* EventSyncUITestsLaunchTests.swift */ = {isa = PBXFileReference; lastKnownFileType = sourcecode.swift; path = EventSyncUITestsLaunchTests.swift; sourceTree = "<group>"; };
/* End PBXFileReference section */

/* Begin PBXFrameworksBuildPhase section */
		D6B401BC2B6EB01E00845F38 /* Frameworks */ = {
			isa = PBXFrameworksBuildPhase;
			buildActionMask = 2147483647;
			files = (
			);
			runOnlyForDeploymentPostprocessing = 0;
		};
		D6B401CC2B6EB02300845F38 /* Frameworks */ = {
			isa = PBXFrameworksBuildPhase;
			buildActionMask = 2147483647;
			files = (
			);
			runOnlyForDeploymentPostprocessing = 0;
		};
		D6B401D62B6EB02300845F38 /* Frameworks */ = {
			isa = PBXFrameworksBuildPhase;
			buildActionMask = 2147483647;
			files = (
			);
			runOnlyForDeploymentPostprocessing = 0;
		};
/* End PBXFrameworksBuildPhase section */

/* Begin PBXGroup section */
		D6B401B62B6EB01E00845F38 = {
			isa = PBXGroup;
			children = (
				D6B401C12B6EB01F00845F38 /* EventSync */,
				D6B401D22B6EB02300845F38 /* EventSyncTests */,
				D6B401DC2B6EB02300845F38 /* EventSyncUITests */,
				D6B401C02B6EB01F00845F38 /* Products */,
			);
			sourceTree = "<group>";
		};
		D6B401C02B6EB01F00845F38 /* Products */ = {
			isa = PBXGroup;
			children = (
				D6B401BF2B6EB01F00845F38 /* EventSync.app */,
				D6B401CF2B6EB02300845F38 /* EventSyncTests.xctest */,
				D6B401D92B6EB02300845F38 /* EventSyncUITests.xctest */,
			);
			name = Products;
			sourceTree = "<group>";
		};
		D6B401C12B6EB01F00845F38 /* EventSync */ = {
			isa = PBXGroup;
			children = (
				D6B401C22B6EB01F00845F38 /* EventSyncApp.swift */,
				D6B401C42B6EB01F00845F38 /* ContentView.swift */,
				D6B401C62B6EB02200845F38 /* Assets.xcassets */,
				D6B401C82B6EB02200845F38 /* Preview Content */,
			);
			path = EventSync;
			sourceTree = "<group>";
		};
		D6B401C82B6EB02200845F38 /* Preview Content */ = {
			isa = PBXGroup;
			children = (
				D6B401C92B6EB02200845F38 /* Preview Assets.xcassets */,
			);
			path = "Preview Content";
			sourceTree = "<group>";
		};
		D6B401D22B6EB02300845F38 /* EventSyncTests */ = {
			isa = PBXGroup;
			children = (
				D6B401D32B6EB02300845F38 /* EventSyncTests.swift */,
			);
			path = EventSyncTests;
			sourceTree = "<group>";
		};
		D6B401DC2B6EB02300845F38 /* EventSyncUITests */ = {
			isa = PBXGroup;
			children = (
				D6B401DD2B6EB02300845F38 /* EventSyncUITests.swift */,
				D6B401DF2B6EB02300845F38 /* EventSyncUITestsLaunchTests.swift */,
			);
			path = EventSyncUITests;
			sourceTree = "<group>";
		};
/* End PBXGroup section */

/* Begin PBXNativeTarget section */
		D6B401BE2B6EB01E00845F38 /* EventSync */ = {
			isa = PBXNativeTarget;
			buildConfigurationList = D6B401E32B6EB02300845F38 /* Build configuration list for PBXNativeTarget "EventSync" */;
			buildPhases = (
				D6B401BB2B6EB01E00845F38 /* Sources */,
				D6B401BC2B6EB01E00845F38 /* Frameworks */,
				D6B401BD2B6EB01E00845F38 /* Resources */,
			);
			buildRules = (
			);
			dependencies = (
			);
			name = EventSync;
			productName = EventSync;
			productReference = D6B401BF2B6EB01F00845F38 /* EventSync.app */;
			productType = "com.apple.product-type.application";
		};
		D6B401CE2B6EB02300845F38 /* EventSyncTests */ = {
			isa = PBXNativeTarget;
			buildConfigurationList = D6B401E62B6EB02300845F38 /* Build configuration list for PBXNativeTarget "EventSyncTests" */;
			buildPhases = (
				D6B401CB2B6EB02300845F38 /* Sources */,
				D6B401CC2B6EB02300845F38 /* Frameworks */,
				D6B401CD2B6EB02300845F38 /* Resources */,
			);
			buildRules = (
			);
			dependencies = (
				D6B401D12B6EB02300845F38 /* PBXTargetDependency */,
			);
			name = EventSyncTests;
			productName = EventSyncTests;
			productReference = D6B401CF2B6EB02300845F38 /* EventSyncTests.xctest */;
			productType = "com.apple.product-type.bundle.unit-test";
		};
		D6B401D82B6EB02300845F38 /* EventSyncUITests */ = {
			isa = PBXNativeTarget;
			buildConfigurationList = D6B401E92B6EB02300845F38 /* Build configuration list for PBXNativeTarget "EventSyncUITests" */;
			buildPhases = (
				D6B401D52B6EB02300845F38 /* Sources */,
				D6B401D62B6EB02300845F38 /* Frameworks */,
				D6B401D72B6EB02300845F38 /* Resources */,
			);
			buildRules = (
			);
			dependencies = (
				D6B401DB2B6EB02300845F38 /* PBXTargetDependency */,
			);
			name = EventSyncUITests;
			productName = EventSyncUITests;
			productReference = D6B401D92B6EB02300845F38 /* EventSyncUITests.xctest */;
			productType = "com.apple.product-type.bundle.ui-testing";
		};
/* End PBXNativeTarget section */

/* Begin PBXProject section */
		D6B401B72B6EB01E00845F38 /* Project object */ = {
			isa = PBXProject;
			attributes = {
				BuildIndependentTargetsInParallel = 1;
				LastSwiftUpdateCheck = 1520;
				LastUpgradeCheck = 1520;
				TargetAttributes = {
					D6B401BE2B6EB01E00845F38 = {
						CreatedOnToolsVersion = 15.2;
					};
					D6B401CE2B6EB02300845F38 = {
						CreatedOnToolsVersion = 15.2;
						TestTargetID = D6B401BE2B6EB01E00845F38;
					};
					D6B401D82B6EB02300845F38 = {
						CreatedOnToolsVersion = 15.2;
						TestTargetID = D6B401BE2B6EB01E00845F38;
					};
				};
			};
			buildConfigurationList = D6B401BA2B6EB01E00845F38 /* Build configuration list for PBXProject "EventSync" */;
			compatibilityVersion = "Xcode 14.0";
			developmentRegion = en;
			hasScannedForEncodings = 0;
			knownRegions = (
				en,
				Base,
			);
			mainGroup = D6B401B62B6EB01E00845F38;
			productRefGroup = D6B401C02B6EB01F00845F38 /* Products */;
			projectDirPath = "";
			projectRoot = "";
			targets = (
				D6B401BE2B6EB01E00845F38 /* EventSync */,
				D6B401CE2B6EB02300845F38 /* EventSyncTests */,
				D6B401D82B6EB02300845F38 /* EventSyncUITests */,
			);
		};
/* End PBXProject section */

/* Begin PBXResourcesBuildPhase section */
		D6B401BD2B6EB01E00845F38 /* Resources */ = {
			isa = PBXResourcesBuildPhase;
			buildActionMask = 2147483647;
			files = (
				D6B401CA2B6EB02200845F38 /* Preview Assets.xcassets in Resources */,
				D6B401C72B6EB02200845F38 /* Assets.xcassets in Resources */,
			);
			runOnlyForDeploymentPostprocessing = 0;
		};
		D6B401CD2B6EB02300845F38 /* Resources */ = {
			isa = PBXResourcesBuildPhase;
			buildActionMask = 2147483647;
			files = (
			);
			runOnlyForDeploymentPostprocessing = 0;
		};
		D6B401D72B6EB02300845F38 /* Resources */ = {
			isa = PBXResourcesBuildPhase;
			buildActionMask = 2147483647;
			files = (
			);
			runOnlyForDeploymentPostprocessing = 0;
		};
/* End PBXResourcesBuildPhase section */

/* Begin PBXSourcesBuildPhase section */
		D6B401BB2B6EB01E00845F38 /* Sources */ = {
			isa = PBXSourcesBuildPhase;
			buildActionMask = 2147483647;
			files = (
				D6B401C52B6EB01F00845F38 /* ContentView.swift in Sources */,
				D6B401C32B6EB01F00845F38 /* EventSyncApp.swift in Sources */,
			);
			runOnlyForDeploymentPostprocessing = 0;
		};
		D6B401CB2B6EB02300845F38 /* Sources */ = {
			isa = PBXSourcesBuildPhase;
			buildActionMask = 2147483647;
			files = (
				D6B401D42B6EB02300845F38 /* EventSyncTests.swift in Sources */,
			);
			runOnlyForDeploymentPostprocessing = 0;
		};
		D6B401D52B6EB02300845F38 /* Sources */ = {
			isa = PBXSourcesBuildPhase;
			buildActionMask = 2147483647;
			files = (
				D6B401E02B6EB02300845F38 /* EventSyncUITestsLaunchTests.swift in Sources */,
				D6B401DE2B6EB02300845F38 /* EventSyncUITests.swift in Sources */,
			);
			runOnlyForDeploymentPostprocessing = 0;
		};
/* End PBXSourcesBuildPhase section */

/* Begin PBXTargetDependency section */
		D6B401D12B6EB02300845F38 /* PBXTargetDependency */ = {
			isa = PBXTargetDependency;
			target = D6B401BE2B6EB01E00845F38 /* EventSync */;
			targetProxy = D6B401D02B6EB02300845F38 /* PBXContainerItemProxy */;
		};
		D6B401DB2B6EB02300845F38 /* PBXTargetDependency */ = {
			isa = PBXTargetDependency;
			target = D6B401BE2B6EB01E00845F38 /* EventSync */;
			targetProxy = D6B401DA2B6EB02300845F38 /* PBXContainerItemProxy */;
		};
/* End PBXTargetDependency section */

/* Begin XCBuildConfiguration section */
		D6B401E12B6EB02300845F38 /* Debug */ = {
			isa = XCBuildConfiguration;
			buildSettings = {
				ALWAYS_SEARCH_USER_PATHS = NO;
				ASSETCATALOG_COMPILER_GENERATE_SWIFT_ASSET_SYMBOL_EXTENSIONS = YES;
				CLANG_ANALYZER_NONNULL = YES;
				CLANG_ANALYZER_NUMBER_OBJECT_CONVERSION = YES_AGGRESSIVE;
				CLANG_CXX_LANGUAGE_STANDARD = "gnu++20";
				CLANG_ENABLE_MODULES = YES;
				CLANG_ENABLE_OBJC_ARC = YES;
				CLANG_ENABLE_OBJC_WEAK = YES;
				CLANG_WARN_BLOCK_CAPTURE_AUTORELEASING = YES;
				CLANG_WARN_BOOL_CONVERSION = YES;
				CLANG_WARN_COMMA = YES;
				CLANG_WARN_CONSTANT_CONVERSION = YES;
				CLANG_WARN_DEPRECATED_OBJC_IMPLEMENTATIONS = YES;
				CLANG_WARN_DIRECT_OBJC_ISA_USAGE = YES_ERROR;
				CLANG_WARN_DOCUMENTATION_COMMENTS = YES;
				CLANG_WARN_EMPTY_BODY = YES;
				CLANG_WARN_ENUM_CONVERSION = YES;
				CLANG_WARN_INFINITE_RECURSION = YES;
				CLANG_WARN_INT_CONVERSION = YES;
				CLANG_WARN_NON_LITERAL_NULL_CONVERSION = YES;
				CLANG_WARN_OBJC_IMPLICIT_RETAIN_SELF = YES;
				CLANG_WARN_OBJC_LITERAL_CONVERSION = YES;
				CLANG_WARN_OBJC_ROOT_CLASS = YES_ERROR;
				CLANG_WARN_QUOTED_INCLUDE_IN_FRAMEWORK_HEADER = YES;
				CLANG_WARN_RANGE_LOOP_ANALYSIS = YES;
				CLANG_WARN_STRICT_PROTOTYPES = YES;
				CLANG_WARN_SUSPICIOUS_MOVE = YES;
				CLANG_WARN_UNGUARDED_AVAILABILITY = YES_AGGRESSIVE;
				CLANG_WARN_UNREACHABLE_CODE = YES;
				CLANG_WARN__DUPLICATE_METHOD_MATCH = YES;
				COPY_PHASE_STRIP = NO;
				DEBUG_INFORMATION_FORMAT = dwarf;
				ENABLE_STRICT_OBJC_MSGSEND = YES;
				ENABLE_TESTABILITY = YES;
				ENABLE_USER_SCRIPT_SANDBOXING = YES;
				GCC_C_LANGUAGE_STANDARD = gnu17;
				GCC_DYNAMIC_NO_PIC = NO;
				GCC_NO_COMMON_BLOCKS = YES;
				GCC_OPTIMIZATION_LEVEL = 0;
				GCC_PREPROCESSOR_DEFINITIONS = (
					"DEBUG=1",
					"$(inherited)",
				);
				GCC_WARN_64_TO_32_BIT_CONVERSION = YES;
				GCC_WARN_ABOUT_RETURN_TYPE = YES_ERROR;
				GCC_WARN_UNDECLARED_SELECTOR = YES;
				GCC_WARN_UNINITIALIZED_AUTOS = YES_AGGRESSIVE;
				GCC_WARN_UNUSED_FUNCTION = YES;
				GCC_WARN_UNUSED_VARIABLE = YES;
				IPHONEOS_DEPLOYMENT_TARGET = 17.2;
				LOCALIZATION_PREFERS_STRING_CATALOGS = YES;
				MTL_ENABLE_DEBUG_INFO = INCLUDE_SOURCE;
				MTL_FAST_MATH = YES;
				ONLY_ACTIVE_ARCH = YES;
				SDKROOT = iphoneos;
				SWIFT_ACTIVE_COMPILATION_CONDITIONS = "DEBUG $(inherited)";
				SWIFT_OPTIMIZATION_LEVEL = "-Onone";
			};
			name = Debug;
		};
		D6B401E22B6EB02300845F38 /* Release */ = {
			isa = XCBuildConfiguration;
			buildSettings = {
				ALWAYS_SEARCH_USER_PATHS = NO;
				ASSETCATALOG_COMPILER_GENERATE_SWIFT_ASSET_SYMBOL_EXTENSIONS = YES;
				CLANG_ANALYZER_NONNULL = YES;
				CLANG_ANALYZER_NUMBER_OBJECT_CONVERSION = YES_AGGRESSIVE;
				CLANG_CXX_LANGUAGE_STANDARD = "gnu++20";
				CLANG_ENABLE_MODULES = YES;
				CLANG_ENABLE_OBJC_ARC = YES;
				CLANG_ENABLE_OBJC_WEAK = YES;
				CLANG_WARN_BLOCK_CAPTURE_AUTORELEASING = YES;
				CLANG_WARN_BOOL_CONVERSION = YES;
				CLANG_WARN_COMMA = YES;
				CLANG_WARN_CONSTANT_CONVERSION = YES;
				CLANG_WARN_DEPRECATED_OBJC_IMPLEMENTATIONS = YES;
				CLANG_WARN_DIRECT_OBJC_ISA_USAGE = YES_ERROR;
				CLANG_WARN_DOCUMENTATION_COMMENTS = YES;
				CLANG_WARN_EMPTY_BODY = YES;
				CLANG_WARN_ENUM_CONVERSION = YES;
				CLANG_WARN_INFINITE_RECURSION = YES;
				CLANG_WARN_INT_CONVERSION = YES;
				CLANG_WARN_NON_LITERAL_NULL_CONVERSION = YES;
				CLANG_WARN_OBJC_IMPLICIT_RETAIN_SELF = YES;
				CLANG_WARN_OBJC_LITERAL_CONVERSION = YES;
				CLANG_WARN_OBJC_ROOT_CLASS = YES_ERROR;
				CLANG_WARN_QUOTED_INCLUDE_IN_FRAMEWORK_HEADER = YES;
				CLANG_WARN_RANGE_LOOP_ANALYSIS = YES;
				CLANG_WARN_STRICT_PROTOTYPES = YES;
				CLANG_WARN_SUSPICIOUS_MOVE = YES;
				CLANG_WARN_UNGUARDED_AVAILABILITY = YES_AGGRESSIVE;
				CLANG_WARN_UNREACHABLE_CODE = YES;
				CLANG_WARN__DUPLICATE_METHOD_MATCH = YES;
				COPY_PHASE_STRIP = NO;
				DEBUG_INFORMATION_FORMAT = "dwarf-with-dsym";
				ENABLE_NS_ASSERTIONS = NO;
				ENABLE_STRICT_OBJC_MSGSEND = YES;
				ENABLE_USER_SCRIPT_SANDBOXING = YES;
				GCC_C_LANGUAGE_STANDARD = gnu17;
				GCC_NO_COMMON_BLOCKS = YES;
				GCC_WARN_64_TO_32_BIT_CONVERSION = YES;
				GCC_WARN_ABOUT_RETURN_TYPE = YES_ERROR;
				GCC_WARN_UNDECLARED_SELECTOR = YES;
				GCC_WARN_UNINITIALIZED_AUTOS = YES_AGGRESSIVE;
				GCC_WARN_UNUSED_FUNCTION = YES;
				GCC_WARN_UNUSED_VARIABLE = YES;
				IPHONEOS_DEPLOYMENT_TARGET = 17.2;
				LOCALIZATION_PREFERS_STRING_CATALOGS = YES;
				MTL_ENABLE_DEBUG_INFO = NO;
				MTL_FAST_MATH = YES;
				SDKROOT = iphoneos;
				SWIFT_COMPILATION_MODE = wholemodule;
				VALIDATE_PRODUCT = YES;
			};
			name = Release;
		};
		D6B401E42B6EB02300845F38 /* Debug */ = {
			isa = XCBuildConfiguration;
			buildSettings = {
				ASSETCATALOG_COMPILER_APPICON_NAME = AppIcon;
				ASSETCATALOG_COMPILER_GLOBAL_ACCENT_COLOR_NAME = AccentColor;
				CODE_SIGN_STYLE = Automatic;
				CURRENT_PROJECT_VERSION = 1;
				DEVELOPMENT_ASSET_PATHS = "\"EventSync/Preview Content\"";
				DEVELOPMENT_TEAM = TRART5678Z;
				ENABLE_PREVIEWS = YES;
				GENERATE_INFOPLIST_FILE = YES;
				INFOPLIST_KEY_UIApplicationSceneManifest_Generation = YES;
				INFOPLIST_KEY_UIApplicationSupportsIndirectInputEvents = YES;
				INFOPLIST_KEY_UILaunchScreen_Generation = YES;
				INFOPLIST_KEY_UISupportedInterfaceOrientations_iPad = "UIInterfaceOrientationPortrait UIInterfaceOrientationPortraitUpsideDown UIInterfaceOrientationLandscapeLeft UIInterfaceOrientationLandscapeRight";
				INFOPLIST_KEY_UISupportedInterfaceOrientations_iPhone = "UIInterfaceOrientationPortrait UIInterfaceOrientationLandscapeLeft UIInterfaceOrientationLandscapeRight";
				LD_RUNPATH_SEARCH_PATHS = (
					"$(inherited)",
					"@executable_path/Frameworks",
				);
				MARKETING_VERSION = 1.0;
				PRODUCT_BUNDLE_IDENTIFIER = EventSync.EventSync;
				PRODUCT_NAME = "$(TARGET_NAME)";
				SWIFT_EMIT_LOC_STRINGS = YES;
				SWIFT_VERSION = 5.0;
				TARGETED_DEVICE_FAMILY = "1,2";
			};
			name = Debug;
		};
		D6B401E52B6EB02300845F38 /* Release */ = {
			isa = XCBuildConfiguration;
			buildSettings = {
				ASSETCATALOG_COMPILER_APPICON_NAME = AppIcon;
				ASSETCATALOG_COMPILER_GLOBAL_ACCENT_COLOR_NAME = AccentColor;
				CODE_SIGN_STYLE = Automatic;
				CURRENT_PROJECT_VERSION = 1;
				DEVELOPMENT_ASSET_PATHS = "\"EventSync/Preview Content\"";
				DEVELOPMENT_TEAM = TRART5678Z;
				ENABLE_PREVIEWS = YES;
				GENERATE_INFOPLIST_FILE = YES;
				INFOPLIST_KEY_UIApplicationSceneManifest_Generation = YES;
				INFOPLIST_KEY_UIApplicationSupportsIndirectInputEvents = YES;
				INFOPLIST_KEY_UILaunchScreen_Generation = YES;
				INFOPLIST_KEY_UISupportedInterfaceOrientations_iPad = "UIInterfaceOrientationPortrait UIInterfaceOrientationPortraitUpsideDown UIInterfaceOrientationLandscapeLeft UIInterfaceOrientationLandscapeRight";
				INFOPLIST_KEY_UISupportedInterfaceOrientations_iPhone = "UIInterfaceOrientationPortrait UIInterfaceOrientationLandscapeLeft UIInterfaceOrientationLandscapeRight";
				LD_RUNPATH_SEARCH_PATHS = (
					"$(inherited)",
					"@executable_path/Frameworks",
				);
				MARKETING_VERSION = 1.0;
				PRODUCT_BUNDLE_IDENTIFIER = EventSync.EventSync;
				PRODUCT_NAME = "$(TARGET_NAME)";
				SWIFT_EMIT_LOC_STRINGS = YES;
				SWIFT_VERSION = 5.0;
				TARGETED_DEVICE_FAMILY = "1,2";
			};
			name = Release;
		};
		D6B401E72B6EB02300845F38 /* Debug */ = {
			isa = XCBuildConfiguration;
			buildSettings = {
				ALWAYS_EMBED_SWIFT_STANDARD_LIBRARIES = YES;
				BUNDLE_LOADER = "$(TEST_HOST)";
				CODE_SIGN_STYLE = Automatic;
				CURRENT_PROJECT_VERSION = 1;
				DEVELOPMENT_TEAM = TRART5678Z;
				GENERATE_INFOPLIST_FILE = YES;
				IPHONEOS_DEPLOYMENT_TARGET = 17.2;
				MARKETING_VERSION = 1.0;
				PRODUCT_BUNDLE_IDENTIFIER = EventSync.EventSyncTests;
				PRODUCT_NAME = "$(TARGET_NAME)";
				SWIFT_EMIT_LOC_STRINGS = NO;
				SWIFT_VERSION = 5.0;
				TARGETED_DEVICE_FAMILY = "1,2";
				TEST_HOST = "$(BUILT_PRODUCTS_DIR)/EventSync.app/$(BUNDLE_EXECUTABLE_FOLDER_PATH)/EventSync";
			};
			name = Debug;
		};
		D6B401E82B6EB02300845F38 /* Release */ = {
			isa = XCBuildConfiguration;
			buildSettings = {
				ALWAYS_EMBED_SWIFT_STANDARD_LIBRARIES = YES;
				BUNDLE_LOADER = "$(TEST_HOST)";
				CODE_SIGN_STYLE = Automatic;
				CURRENT_PROJECT_VERSION = 1;
				DEVELOPMENT_TEAM = TRART5678Z;
				GENERATE_INFOPLIST_FILE = YES;
				IPHONEOS_DEPLOYMENT_TARGET = 17.2;
				MARKETING_VERSION = 1.0;
				PRODUCT_BUNDLE_IDENTIFIER = EventSync.EventSyncTests;
				PRODUCT_NAME = "$(TARGET_NAME)";
				SWIFT_EMIT_LOC_STRINGS = NO;
				SWIFT_VERSION = 5.0;
				TARGETED_DEVICE_FAMILY = "1,2";
				TEST_HOST = "$(BUILT_PRODUCTS_DIR)/EventSync.app/$(BUNDLE_EXECUTABLE_FOLDER_PATH)/EventSync";
			};
			name = Release;
		};
		D6B401EA2B6EB02300845F38 /* Debug */ = {
			isa = XCBuildConfiguration;
			buildSettings = {
				ALWAYS_EMBED_SWIFT_STANDARD_LIBRARIES = YES;
				CODE_SIGN_STYLE = Automatic;
				CURRENT_PROJECT_VERSION = 1;
				DEVELOPMENT_TEAM = TRART5678Z;
				GENERATE_INFOPLIST_FILE = YES;
				MARKETING_VERSION = 1.0;
				PRODUCT_BUNDLE_IDENTIFIER = EventSync.EventSyncUITests;
				PRODUCT_NAME = "$(TARGET_NAME)";
				SWIFT_EMIT_LOC_STRINGS = NO;
				SWIFT_VERSION = 5.0;
				TARGETED_DEVICE_FAMILY = "1,2";
				TEST_TARGET_NAME = EventSync;
			};
			name = Debug;
		};
		D6B401EB2B6EB02300845F38 /* Release */ = {
			isa = XCBuildConfiguration;
			buildSettings = {
				ALWAYS_EMBED_SWIFT_STANDARD_LIBRARIES = YES;
				CODE_SIGN_STYLE = Automatic;
				CURRENT_PROJECT_VERSION = 1;
				DEVELOPMENT_TEAM = TRART5678Z;
				GENERATE_INFOPLIST_FILE = YES;
				MARKETING_VERSION = 1.0;
				PRODUCT_BUNDLE_IDENTIFIER = EventSync.EventSyncUITests;
				PRODUCT_NAME = "$(TARGET_NAME)";
				SWIFT_EMIT_LOC_STRINGS = NO;
				SWIFT_VERSION = 5.0;
				TARGETED_DEVICE_FAMILY = "1,2";
				TEST_TARGET_NAME = EventSync;
			};
			name = Release;
		};
/* End XCBuildConfiguration section */

/* Begin XCConfigurationList section */
		D6B401BA2B6EB01E00845F38 /* Build configuration list for PBXProject "EventSync" */ = {
			isa = XCConfigurationList;
			buildConfigurations = (
				D6B401E12B6EB02300845F38 /* Debug */,
				D6B401E22B6EB02300845F38 /* Release */,
			);
			defaultConfigurationIsVisible = 0;
			defaultConfigurationName = Release;
		};
		D6B401E32B6EB02300845F38 /* Build configuration list for PBXNativeTarget "EventSync" */ = {
			isa = XCConfigurationList;
			buildConfigurations = (
				D6B401E42B6EB02300845F38 /* Debug */,
				D6B401E52B6EB02300845F38 /* Release */,
			);
			defaultConfigurationIsVisible = 0;
			defaultConfigurationName = Release;
		};
		D6B401E62B6EB02300845F38 /* Build configuration list for PBXNativeTarget "EventSyncTests" */ = {
			isa = XCConfigurationList;
			buildConfigurations = (
				D6B401E72B6EB02300845F38 /* Debug */,
				D6B401E82B6EB02300845F38 /* Release */,
			);
			defaultConfigurationIsVisible = 0;
			defaultConfigurationName = Release;
		};
		D6B401E92B6EB02300845F38 /* Build configuration list for PBXNativeTarget "EventSyncUITests" */ = {
			isa = XCConfigurationList;
			buildConfigurations = (
				D6B401EA2B6EB02300845F38 /* Debug */,
				D6B401EB2B6EB02300845F38 /* Release */,
			);
			defaultConfigurationIsVisible = 0;
			defaultConfigurationName = Release;
		};
/* End XCConfigurationList section */
	};
	rootObject = D6B401B72B6EB01E00845F38 /* Project object */;
}
